{
  "name": "demo3",
  "version": "1.0.0",
  "lockfileVersion": 1,
  "requires": true,
  "dependencies": {
    "@types/body-parser": {
      "version": "1.16.3",
      "resolved": "https://registry.npmjs.org/@types/body-parser/-/body-parser-1.16.3.tgz",
      "integrity": "sha1-vCuaGB8vqFyA8eys2KBc8UFLhaM=",
      "dev": true
    },
    "@types/chai": {
      "version": "3.5.2",
      "resolved": "https://registry.npmjs.org/@types/chai/-/chai-3.5.2.tgz",
      "integrity": "sha1-wRzSgX06QBt7oPWkIPNcVhObHB4=",
      "dev": true
    },
    "@types/express": {
      "version": "4.0.35",
      "resolved": "https://registry.npmjs.org/@types/express/-/express-4.0.35.tgz",
      "integrity": "sha1-YmfHtgpR+sRzRns8SgLNHkQYBf4=",
      "dev": true
    },
    "@types/helmet": {
      "version": "0.0.35",
      "resolved": "https://registry.npmjs.org/@types/helmet/-/helmet-0.0.35.tgz",
      "integrity": "sha1-tfA1BjGAwsH0MSKromEsntlGbcA=",
      "dev": true
    },
    "@types/mocha": {
      "version": "2.2.41",
      "resolved": "https://registry.npmjs.org/@types/mocha/-/mocha-2.2.41.tgz",
      "integrity": "sha1-4nzwgXFT658nE7LT9saPHhw8pgg=",
      "dev": true
    },
    "@types/mongoose": {
      "version": "4.7.17",
      "resolved": "https://registry.npmjs.org/@types/mongoose/-/mongoose-4.7.17.tgz",
      "integrity": "sha512-tMTBgFVdV8XM0KZGFjVHUqDUn43FIwFbDpKFaER5WAXhjrcFETRh5Pfn0y8JZ8aUszIkYVTgEr1ZHhl/dGQz/w==",
      "dev": true
    },
    "@types/supertest": {
      "version": "2.0.0",
      "resolved": "https://registry.npmjs.org/@types/supertest/-/supertest-2.0.0.tgz",
      "integrity": "sha1-Rofer/SVC2PkYRU21v1EZl7hG7c=",
      "dev": true
    },
    "array-flatten": {
      "version": "1.1.1",
      "resolved": "https://registry.npmjs.org/array-flatten/-/array-flatten-1.1.1.tgz",
      "integrity": "sha1-ml9pkFGx5wczKPKgCJaLZOopVdI="
    },
    "body-parser": {
      "version": "1.17.2",
      "resolved": "https://registry.npmjs.org/body-parser/-/body-parser-1.17.2.tgz",
      "integrity": "sha1-+IkqvI+eYn1Crtr7yma/WrmRBO4="
    },
    "chai": {
      "version": "4.0.2",
      "resolved": "https://registry.npmjs.org/chai/-/chai-4.0.2.tgz",
      "integrity": "sha1-L3MnxN5vOF3XeHmZ4qsCaXoyuDs=",
      "dev": true
    },
    "cookie-signature": {
      "version": "1.0.6",
      "resolved": "https://registry.npmjs.org/cookie-signature/-/cookie-signature-1.0.6.tgz",
      "integrity": "sha1-4wOogrNCzD7oylE6eZmXNNqzriw="
    },
    "destroy": {
      "version": "1.0.4",
      "resolved": "https://registry.npmjs.org/destroy/-/destroy-1.0.4.tgz",
      "integrity": "sha1-l4hXRCxEdJ5CBmE+N5RiBYJqvYA="
    },
    "escape-html": {
      "version": "1.0.3",
      "resolved": "https://registry.npmjs.org/escape-html/-/escape-html-1.0.3.tgz",
      "integrity": "sha1-Aljq5NPQwJdN4cFpGI7wBR0dGYg="
    },
    "express": {
      "version": "4.17.3",
      "resolved": "https://registry.npmjs.org/express/-/express-4.17.3.tgz",
      "integrity": "sha512-yuSQpz5I+Ch7gFrPCk4/c+dIBKlQUxtgwqzph132bsT6qhuzss6I8cLJQz7B3rFblzd6wtcI0ZbGltH/C4LjUg==",
      "requires": {
        "accepts": "~1.3.8",
        "array-flatten": "1.1.1",
        "body-parser": "1.19.2",
        "content-disposition": "0.5.4",
        "content-type": "~1.0.4",
        "cookie": "0.4.2",
        "cookie-signature": "1.0.6",
        "debug": "2.6.9",
        "depd": "~1.1.2",
        "encodeurl": "~1.0.2",
        "escape-html": "~1.0.3",
        "etag": "~1.8.1",
        "finalhandler": "~1.1.2",
        "fresh": "0.5.2",
        "merge-descriptors": "1.0.1",
        "methods": "~1.1.2",
        "on-finished": "~2.3.0",
        "parseurl": "~1.3.3",
        "path-to-regexp": "0.1.7",
        "proxy-addr": "~2.0.7",
        "qs": "6.9.7",
        "range-parser": "~1.2.1",
        "safe-buffer": "5.2.1",
        "send": "0.17.2",
        "serve-static": "1.14.2",
        "setprototypeof": "1.2.0",
        "statuses": "~1.5.0",
        "type-is": "~1.6.18",
        "utils-merge": "1.0.1",
        "vary": "~1.1.2"
      },
      "dependencies": {
        "accepts": {
          "version": "1.3.8",
          "resolved": "https://registry.npmjs.org/accepts/-/accepts-1.3.8.tgz",
          "integrity": "sha512-PYAthTa2m2VKxuvSD3DPC/Gy+U+sOA1LAuT8mkmRuvw+NACSaeXEQ+NHcVF7rONl6qcaxV3Uuemwawk+7+SJLw==",
          "requires": {
            "mime-types": "~2.1.34",
            "negotiator": "0.6.3"
          }
        },
        "body-parser": {
          "version": "1.19.2",
          "resolved": "https://registry.npmjs.org/body-parser/-/body-parser-1.19.2.tgz",
          "integrity": "sha512-SAAwOxgoCKMGs9uUAUFHygfLAyaniaoun6I8mFY9pRAJL9+Kec34aU+oIjDhTycub1jozEfEwx1W1IuOYxVSFw==",
          "requires": {
            "bytes": "3.1.2",
            "content-type": "~1.0.4",
            "debug": "2.6.9",
            "depd": "~1.1.2",
            "http-errors": "1.8.1",
            "iconv-lite": "0.4.24",
            "on-finished": "~2.3.0",
            "qs": "6.9.7",
            "raw-body": "2.4.3",
            "type-is": "~1.6.18"
          }
        },
        "bytes": {
          "version": "3.1.2",
          "resolved": "https://registry.npmjs.org/bytes/-/bytes-3.1.2.tgz",
          "integrity": "sha512-/Nf7TyzTx6S3yRJObOAV7956r8cr2+Oj8AC5dt8wSP3BQAoeX58NoHyCU8P8zGkNXStjTSi6fzO6F0pBdcYbEg=="
        },
        "content-disposition": {
          "version": "0.5.4",
          "resolved": "https://registry.npmjs.org/content-disposition/-/content-disposition-0.5.4.tgz",
          "integrity": "sha512-FveZTNuGw04cxlAiWbzi6zTAL/lhehaWbTtgluJh4/E95DqMwTmha3KZN1aAWA8cFIhHzMZUvLevkw5Rqk+tSQ==",
          "requires": {
            "safe-buffer": "5.2.1"
          }
        },
        "content-type": {
          "version": "1.0.4",
          "resolved": "https://registry.npmjs.org/content-type/-/content-type-1.0.4.tgz",
          "integrity": "sha512-hIP3EEPs8tB9AT1L+NUqtwOAps4mk2Zob89MWXMHjHWg9milF/j4osnnQLXBCBFBk/tvIG/tUc9mOUJiPBhPXA=="
        },
        "cookie": {
          "version": "0.4.2",
          "resolved": "https://registry.npmjs.org/cookie/-/cookie-0.4.2.tgz",
          "integrity": "sha512-aSWTXFzaKWkvHO1Ny/s+ePFpvKsPnjc551iI41v3ny/ow6tBG5Vd+FuqGNhh1LxOmVzOlGUriIlOaokOvhaStA=="
        },
        "debug": {
          "version": "2.6.9",
          "resolved": "https://registry.npmjs.org/debug/-/debug-2.6.9.tgz",
          "integrity": "sha512-bC7ElrdJaJnPbAP+1EotYvqZsb3ecl5wi6Bfi6BJTUcNowp6cvspg0jXznRTKDjm/E7AdgFBVeAPVMNcKGsHMA==",
          "requires": {
            "ms": "2.0.0"
          }
        },
        "depd": {
          "version": "1.1.2",
          "resolved": "https://registry.npmjs.org/depd/-/depd-1.1.2.tgz",
          "integrity": "sha512-7emPTl6Dpo6JRXOXjLRxck+FlLRX5847cLKEn00PLAgc3g2hTZZgr+e4c2v6QpSmLeFP3n5yUo7ft6avBK/5jQ=="
        },
        "encodeurl": {
          "version": "1.0.2",
          "resolved": "https://registry.npmjs.org/encodeurl/-/encodeurl-1.0.2.tgz",
          "integrity": "sha512-TPJXq8JqFaVYm2CWmPvnP2Iyo4ZSM7/QKcSmuMLDObfpH5fi7RUGmd/rTDf+rut/saiDiQEeVTNgAmJEdAOx0w=="
        },
        "etag": {
          "version": "1.8.1",
          "resolved": "https://registry.npmjs.org/etag/-/etag-1.8.1.tgz",
          "integrity": "sha512-aIL5Fx7mawVa300al2BnEE4iNvo1qETxLrPI/o05L7z6go7fCw1J6EQmbK4FmJ2AS7kgVF/KEZWufBfdClMcPg=="
        },
        "finalhandler": {
          "version": "1.1.2",
          "resolved": "https://registry.npmjs.org/finalhandler/-/finalhandler-1.1.2.tgz",
          "integrity": "sha512-aAWcW57uxVNrQZqFXjITpW3sIUQmHGG3qSb9mUah9MgMC4NeWhNOlNjXEYq3HjRAvL6arUviZGGJsBg6z0zsWA==",
          "requires": {
            "debug": "2.6.9",
            "encodeurl": "~1.0.2",
            "escape-html": "~1.0.3",
            "on-finished": "~2.3.0",
            "parseurl": "~1.3.3",
            "statuses": "~1.5.0",
            "unpipe": "~1.0.0"
          }
        },
        "forwarded": {
          "version": "0.2.0",
          "resolved": "https://registry.npmjs.org/forwarded/-/forwarded-0.2.0.tgz",
          "integrity": "sha512-buRG0fpBtRHSTCOASe6hD258tEubFoRLb4ZNA6NxMVHNw2gOcwHo9wyablzMzOA5z9xA9L1KNjk/Nt6MT9aYow=="
        },
        "fresh": {
          "version": "0.5.2",
          "resolved": "https://registry.npmjs.org/fresh/-/fresh-0.5.2.tgz",
          "integrity": "sha512-zJ2mQYM18rEFOudeV4GShTGIQ7RbzA7ozbU9I/XBpm7kqgMywgmylMwXHxZJmkVoYkna9d2pVXVXPdYTP9ej8Q=="
        },
        "http-errors": {
          "version": "1.8.1",
          "resolved": "https://registry.npmjs.org/http-errors/-/http-errors-1.8.1.tgz",
          "integrity": "sha512-Kpk9Sm7NmI+RHhnj6OIWDI1d6fIoFAtFt9RLaTMRlg/8w49juAStsrBgp0Dp4OdxdVbRIeKhtCUvoi/RuAhO4g==",
          "requires": {
            "depd": "~1.1.2",
            "inherits": "2.0.4",
            "setprototypeof": "1.2.0",
            "statuses": ">= 1.5.0 < 2",
            "toidentifier": "1.0.1"
          }
        },
        "iconv-lite": {
          "version": "0.4.24",
          "resolved": "https://registry.npmjs.org/iconv-lite/-/iconv-lite-0.4.24.tgz",
          "integrity": "sha512-v3MXnZAcvnywkTUEZomIActle7RXXeedOR31wwl7VlyoXO4Qi9arvSenNQWne1TcRwhCL1HwLI21bEqdpj8/rA==",
          "requires": {
            "safer-buffer": ">= 2.1.2 < 3"
          }
        },
        "inherits": {
          "version": "2.0.4",
          "resolved": "https://registry.npmjs.org/inherits/-/inherits-2.0.4.tgz",
          "integrity": "sha512-k/vGaX4/Yla3WzyMCvTQOXYeIHvqOKtnqBduzTHpzpQZzAskKMhZ2K+EnBiSM9zGSoIFeMpXKxa4dYeZIQqewQ=="
        },
        "ipaddr.js": {
          "version": "1.9.1",
          "resolved": "https://registry.npmjs.org/ipaddr.js/-/ipaddr.js-1.9.1.tgz",
          "integrity": "sha512-0KI/607xoxSToH7GjN1FfSbLoU0+btTicjsQSWQlh/hZykN8KpmMf7uYwPW3R+akZ6R/w18ZlXSHBYXiYUPO3g=="
        },
        "mime": {
          "version": "1.6.0",
          "resolved": "https://registry.npmjs.org/mime/-/mime-1.6.0.tgz",
          "integrity": "sha512-x0Vn8spI+wuJ1O6S7gnbaQg8Pxh4NNHb7KSINmEWKiPE4RKOplvijn+NkmYmmRgP68mc70j2EbeTFRsrswaQeg=="
        },
        "mime-db": {
          "version": "1.52.0",
          "resolved": "https://registry.npmjs.org/mime-db/-/mime-db-1.52.0.tgz",
          "integrity": "sha512-sPU4uV7dYlvtWJxwwxHD0PuihVNiE7TyAbQ5SWxDCB9mUYvOgroQOwYQQOKPJ8CIbE+1ETVlOoK1UC2nU3gYvg=="
        },
        "mime-types": {
          "version": "2.1.35",
          "resolved": "https://registry.npmjs.org/mime-types/-/mime-types-2.1.35.tgz",
          "integrity": "sha512-ZDY+bPm5zTTF+YpCrAU9nK0UgICYPT0QtT1NZWFv4s++TNkcgVaT0g6+4R2uI4MjQjzysHB1zxuWL50hzaeXiw==",
          "requires": {
            "mime-db": "1.52.0"
          }
        },
        "negotiator": {
          "version": "0.6.3",
          "resolved": "https://registry.npmjs.org/negotiator/-/negotiator-0.6.3.tgz",
          "integrity": "sha512-+EUsqGPLsM+j/zdChZjsnX51g4XrHFOIXwfnCVPGlQk/k5giakcKsuxCObBRu6DSm9opw/O6slWbJdghQM4bBg=="
        },
        "parseurl": {
          "version": "1.3.3",
          "resolved": "https://registry.npmjs.org/parseurl/-/parseurl-1.3.3.tgz",
          "integrity": "sha512-CiyeOxFT/JZyN5m0z9PfXw4SCBJ6Sygz1Dpl0wqjlhDEGGBP1GnsUVEL0p63hoG1fcj3fHynXi9NYO4nWOL+qQ=="
        },
        "proxy-addr": {
          "version": "2.0.7",
          "resolved": "https://registry.npmjs.org/proxy-addr/-/proxy-addr-2.0.7.tgz",
          "integrity": "sha512-llQsMLSUDUPT44jdrU/O37qlnifitDP+ZwrmmZcoSKyLKvtZxpyV0n2/bD/N4tBAAZ/gJEdZU7KMraoK1+XYAg==",
          "requires": {
            "forwarded": "0.2.0",
            "ipaddr.js": "1.9.1"
          }
        },
        "qs": {
          "version": "6.9.7",
          "resolved": "https://registry.npmjs.org/qs/-/qs-6.9.7.tgz",
          "integrity": "sha512-IhMFgUmuNpyRfxA90umL7ByLlgRXu6tIfKPpF5TmcfRLlLCckfP/g3IQmju6jjpu+Hh8rA+2p6A27ZSPOOHdKw=="
        },
        "range-parser": {
          "version": "1.2.1",
          "resolved": "https://registry.npmjs.org/range-parser/-/range-parser-1.2.1.tgz",
          "integrity": "sha512-Hrgsx+orqoygnmhFbKaHE6c296J+HTAQXoxEF6gNupROmmGJRoyzfG3ccAveqCBrwr/2yxQ5BVd/GTl5agOwSg=="
        },
        "raw-body": {
          "version": "2.4.3",
          "resolved": "https://registry.npmjs.org/raw-body/-/raw-body-2.4.3.tgz",
          "integrity": "sha512-UlTNLIcu0uzb4D2f4WltY6cVjLi+/jEN4lgEUj3E04tpMDpUlkBo/eSn6zou9hum2VMNpCCUone0O0WeJim07g==",
          "requires": {
            "bytes": "3.1.2",
            "http-errors": "1.8.1",
            "iconv-lite": "0.4.24",
            "unpipe": "1.0.0"
          }
        },
        "safe-buffer": {
          "version": "5.2.1",
          "resolved": "https://registry.npmjs.org/safe-buffer/-/safe-buffer-5.2.1.tgz",
          "integrity": "sha512-rp3So07KcdmmKbGvgaNxQSJr7bGVSVk5S9Eq1F+ppbRo70+YeaDxkw5Dd8NPN+GD6bjnYm2VuPuCXmpuYvmCXQ=="
        },
        "send": {
          "version": "0.17.2",
          "resolved": "https://registry.npmjs.org/send/-/send-0.17.2.tgz",
          "integrity": "sha512-UJYB6wFSJE3G00nEivR5rgWp8c2xXvJ3OPWPhmuteU0IKj8nKbG3DrjiOmLwpnHGYWAVwA69zmTm++YG0Hmwww==",
          "requires": {
            "debug": "2.6.9",
            "depd": "~1.1.2",
            "destroy": "~1.0.4",
            "encodeurl": "~1.0.2",
            "escape-html": "~1.0.3",
            "etag": "~1.8.1",
            "fresh": "0.5.2",
            "http-errors": "1.8.1",
            "mime": "1.6.0",
            "ms": "2.1.3",
            "on-finished": "~2.3.0",
            "range-parser": "~1.2.1",
            "statuses": "~1.5.0"
          },
          "dependencies": {
            "ms": {
              "version": "2.1.3",
              "resolved": "https://registry.npmjs.org/ms/-/ms-2.1.3.tgz",
              "integrity": "sha512-6FlzubTLZG3J2a/NVCAleEhjzq5oxgHyaCU9yYXvcLsvoVaHJq/s5xXI6/XXP6tz7R9xAOtHnSO/tXtF3WRTlA=="
            }
          }
        },
        "serve-static": {
          "version": "1.14.2",
          "resolved": "https://registry.npmjs.org/serve-static/-/serve-static-1.14.2.tgz",
          "integrity": "sha512-+TMNA9AFxUEGuC0z2mevogSnn9MXKb4fa7ngeRMJaaGv8vTwnIEkKi+QGvPt33HSnf8pRS+WGM0EbMtCJLKMBQ==",
          "requires": {
            "encodeurl": "~1.0.2",
            "escape-html": "~1.0.3",
            "parseurl": "~1.3.3",
            "send": "0.17.2"
          }
        },
        "setprototypeof": {
          "version": "1.2.0",
          "resolved": "https://registry.npmjs.org/setprototypeof/-/setprototypeof-1.2.0.tgz",
          "integrity": "sha512-E5LDX7Wrp85Kil5bhZv46j8jOeboKq5JMmYM3gVGdGH8xFpPWXUMsNrlODCrkoxMEeNi/XZIwuRvY4XNwYMJpw=="
        },
        "statuses": {
          "version": "1.5.0",
          "resolved": "https://registry.npmjs.org/statuses/-/statuses-1.5.0.tgz",
          "integrity": "sha512-OpZ3zP+jT1PI7I8nemJX4AKmAX070ZkYPVWV/AaKTJl+tXCTGyVdC1a4SL8RUQYEwk/f34ZX8UTykN68FwrqAA=="
        },
        "type-is": {
          "version": "1.6.18",
          "resolved": "https://registry.npmjs.org/type-is/-/type-is-1.6.18.tgz",
          "integrity": "sha512-TkRKr9sUTxEH8MdfuCSP7VizJyzRNMjj2J2do2Jr3Kym598JVdEksuzPQCnlFPW4ky9Q+iA+ma9BGm06XQBy8g==",
          "requires": {
            "media-typer": "0.3.0",
            "mime-types": "~2.1.24"
          }
        },
        "utils-merge": {
          "version": "1.0.1",
          "resolved": "https://registry.npmjs.org/utils-merge/-/utils-merge-1.0.1.tgz",
          "integrity": "sha512-pMZTvIkT1d+TFGvDOqodOclx0QWkkgi6Tdoa8gC8ffGAAqz9pzPTZWAybbsHHoED/ztMtkv/VoYTYyShUn81hA=="
        },
        "vary": {
          "version": "1.1.2",
          "resolved": "https://registry.npmjs.org/vary/-/vary-1.1.2.tgz",
          "integrity": "sha512-BNGbWLfd0eUPabhkXUVm0j8uuvREyTh5ovRa/dyow/BqAbZJyC+5fU+IzQOzmAKzYqYRAISoRhdQr3eIZ/PXqg=="
        }
      }
    },
    "helmet": {
      "version": "3.6.1",
      "resolved": "https://registry.npmjs.org/helmet/-/helmet-3.6.1.tgz",
      "integrity": "sha1-kfOqf6TJRnFZX7Vo39jChImjiL4="
    },
    "inversify": {
      "version": "4.1.1",
      "resolved": "https://registry.npmjs.org/inversify/-/inversify-4.1.1.tgz",
      "integrity": "sha1-qV7bNK4IK7EXUzbVHc1fARE0xiU="
    },
    "inversify-express-utils": {
      "version": "3.5.2",
      "resolved": "https://registry.npmjs.org/inversify-express-utils/-/inversify-express-utils-3.5.2.tgz",
      "integrity": "sha1-tdsyqwE/VxHLY048etdiwakSH/s="
    },
    "media-typer": {
      "version": "0.3.0",
      "resolved": "https://registry.npmjs.org/media-typer/-/media-typer-0.3.0.tgz",
      "integrity": "sha1-hxDXrwqmJvj/+hzgAWhUUmMlV0g="
    },
    "merge-descriptors": {
      "version": "1.0.1",
      "resolved": "https://registry.npmjs.org/merge-descriptors/-/merge-descriptors-1.0.1.tgz",
      "integrity": "sha1-sAqqVW3YtEVoFQ7J0blT8/kMu2E="
    },
    "methods": {
      "version": "1.1.2",
      "resolved": "https://registry.npmjs.org/methods/-/methods-1.1.2.tgz",
      "integrity": "sha1-VSmk1nZUE07cxSZmVoNbD4Ua/O4="
    },
    "mocha": {
      "version": "3.4.2",
      "resolved": "https://registry.npmjs.org/mocha/-/mocha-3.4.2.tgz",
      "integrity": "sha1-0O9NMyEm2/GNDWQMmzgt1IvpdZQ=",
      "dev": true,
      "dependencies": {
        "debug": {
          "version": "2.6.0",
          "resolved": "https://registry.npmjs.org/debug/-/debug-2.6.0.tgz",
          "integrity": "sha1-vFlryr52F/Edn6FTYe3tVgi4SZs="
        },
        "ms": {
          "version": "0.7.2",
          "resolved": "https://registry.npmjs.org/ms/-/ms-0.7.2.tgz",
          "integrity": "sha1-riXPJRKziFodldfwN4aNhDESR2U="
        }
      }
    },
    "mongoose": {
      "version": "4.10.5",
      "resolved": "https://registry.npmjs.org/mongoose/-/mongoose-4.10.5.tgz",
      "integrity": "sha1-fNUO441QV4Feg5YuOYX33Z2naa0="
    },
    "ms": {
      "version": "2.0.0",
      "resolved": "https://registry.npmjs.org/ms/-/ms-2.0.0.tgz",
      "integrity": "sha1-VgiurfwAvmwpAd9fmGF4jeDVl8g="
    },
    "nyc": {
      "version": "10.3.2",
      "resolved": "https://registry.npmjs.org/nyc/-/nyc-10.3.2.tgz",
      "integrity": "sha1-8n9NkfKp2zbCT1dP9cbv/wIz3kY=",
      "dev": true,
      "dependencies": {
        "align-text": {
          "version": "0.1.4",
          "bundled": true
        },
        "amdefine": {
          "version": "1.0.1",
          "bundled": true
        },
        "ansi-regex": {
          "version": "2.1.1",
          "bundled": true
        },
        "ansi-styles": {
          "version": "2.2.1",
          "bundled": true
        },
        "append-transform": {
          "version": "0.4.0",
          "bundled": true
        },
        "archy": {
          "version": "1.0.0",
          "bundled": true
        },
        "arr-diff": {
          "version": "2.0.0",
          "bundled": true
        },
        "arr-flatten": {
          "version": "1.0.3",
          "bundled": true
        },
        "array-unique": {
          "version": "0.2.1",
          "bundled": true
        },
        "arrify": {
          "version": "1.0.1",
          "bundled": true
        },
        "async": {
          "version": "1.5.2",
          "bundled": true
        },
        "babel-code-frame": {
          "version": "6.22.0",
          "bundled": true
        },
        "babel-generator": {
          "version": "6.24.1",
          "bundled": true
        },
        "babel-messages": {
          "version": "6.23.0",
          "bundled": true
        },
        "babel-runtime": {
          "version": "6.23.0",
          "bundled": true
        },
        "babel-template": {
          "version": "6.24.1",
          "bundled": true
        },
        "babel-traverse": {
          "version": "6.24.1",
          "bundled": true
        },
        "babel-types": {
          "version": "6.24.1",
          "bundled": true
        },
        "babylon": {
          "version": "6.17.0",
          "bundled": true
        },
        "balanced-match": {
          "version": "0.4.2",
          "bundled": true
        },
        "brace-expansion": {
          "version": "1.1.7",
          "bundled": true
        },
        "braces": {
          "version": "1.8.5",
          "bundled": true
        },
        "builtin-modules": {
          "version": "1.1.1",
          "bundled": true
        },
        "caching-transform": {
          "version": "1.0.1",
          "bundled": true
        },
        "camelcase": {
          "version": "1.2.1",
          "bundled": true
        },
        "center-align": {
          "version": "0.1.3",
          "bundled": true
        },
        "chalk": {
          "version": "1.1.3",
          "bundled": true
        },
        "cliui": {
          "version": "2.1.0",
          "bundled": true,
          "dependencies": {
            "wordwrap": {
              "version": "0.0.2",
              "bundled": true
            }
          }
        },
        "code-point-at": {
          "version": "1.1.0",
          "bundled": true
        },
        "commondir": {
          "version": "1.0.1",
          "bundled": true
        },
        "concat-map": {
          "version": "0.0.1",
          "bundled": true
        },
        "convert-source-map": {
          "version": "1.5.0",
          "bundled": true
        },
        "core-js": {
          "version": "2.4.1",
          "bundled": true
        },
        "cross-spawn": {
          "version": "4.0.2",
          "bundled": true
        },
        "debug": {
          "version": "2.6.6",
          "bundled": true
        },
        "debug-log": {
          "version": "1.0.1",
          "bundled": true
        },
        "decamelize": {
          "version": "1.2.0",
          "bundled": true
        },
        "default-require-extensions": {
          "version": "1.0.0",
          "bundled": true
        },
        "detect-indent": {
          "version": "4.0.0",
          "bundled": true
        },
        "error-ex": {
          "version": "1.3.1",
          "bundled": true
        },
        "escape-string-regexp": {
          "version": "1.0.5",
          "bundled": true
        },
        "esutils": {
          "version": "2.0.2",
          "bundled": true
        },
        "expand-brackets": {
          "version": "0.1.5",
          "bundled": true
        },
        "expand-range": {
          "version": "1.8.2",
          "bundled": true
        },
        "extglob": {
          "version": "0.3.2",
          "bundled": true
        },
        "filename-regex": {
          "version": "2.0.1",
          "bundled": true
        },
        "fill-range": {
          "version": "2.2.3",
          "bundled": true
        },
        "find-cache-dir": {
          "version": "0.1.1",
          "bundled": true
        },
        "find-up": {
          "version": "1.1.2",
          "bundled": true
        },
        "for-in": {
          "version": "1.0.2",
          "bundled": true
        },
        "for-own": {
          "version": "0.1.5",
          "bundled": true
        },
        "foreground-child": {
          "version": "1.5.6",
          "bundled": true
        },
        "fs.realpath": {
          "version": "1.0.0",
          "bundled": true
        },
        "get-caller-file": {
          "version": "1.0.2",
          "bundled": true
        },
        "glob": {
          "version": "7.1.1",
          "bundled": true
        },
        "glob-base": {
          "version": "0.3.0",
          "bundled": true
        },
        "glob-parent": {
          "version": "2.0.0",
          "bundled": true
        },
        "globals": {
          "version": "9.17.0",
          "bundled": true
        },
        "graceful-fs": {
          "version": "4.1.11",
          "bundled": true
        },
        "handlebars": {
          "version": "4.0.8",
          "bundled": true,
          "dependencies": {
            "source-map": {
              "version": "0.4.4",
              "bundled": true
            }
          }
        },
        "has-ansi": {
          "version": "2.0.0",
          "bundled": true
        },
        "has-flag": {
          "version": "1.0.0",
          "bundled": true
        },
        "hosted-git-info": {
          "version": "2.4.2",
          "bundled": true
        },
        "imurmurhash": {
          "version": "0.1.4",
          "bundled": true
        },
        "inflight": {
          "version": "1.0.6",
          "bundled": true
        },
        "inherits": {
          "version": "2.0.3",
          "bundled": true
        },
        "invariant": {
          "version": "2.2.2",
          "bundled": true
        },
        "invert-kv": {
          "version": "1.0.0",
          "bundled": true
        },
        "is-arrayish": {
          "version": "0.2.1",
          "bundled": true
        },
        "is-buffer": {
          "version": "1.1.5",
          "bundled": true
        },
        "is-builtin-module": {
          "version": "1.0.0",
          "bundled": true
        },
        "is-dotfile": {
          "version": "1.0.2",
          "bundled": true
        },
        "is-equal-shallow": {
          "version": "0.1.3",
          "bundled": true
        },
        "is-extendable": {
          "version": "0.1.1",
          "bundled": true
        },
        "is-extglob": {
          "version": "1.0.0",
          "bundled": true
        },
        "is-finite": {
          "version": "1.0.2",
          "bundled": true
        },
        "is-fullwidth-code-point": {
          "version": "1.0.0",
          "bundled": true
        },
        "is-glob": {
          "version": "2.0.1",
          "bundled": true
        },
        "is-number": {
          "version": "2.1.0",
          "bundled": true
        },
        "is-posix-bracket": {
          "version": "0.1.1",
          "bundled": true
        },
        "is-primitive": {
          "version": "2.0.0",
          "bundled": true
        },
        "is-utf8": {
          "version": "0.2.1",
          "bundled": true
        },
        "isarray": {
          "version": "1.0.0",
          "bundled": true
        },
        "isexe": {
          "version": "2.0.0",
          "bundled": true
        },
        "isobject": {
          "version": "2.1.0",
          "bundled": true
        },
        "istanbul-lib-coverage": {
          "version": "1.1.0",
          "bundled": true
        },
        "istanbul-lib-hook": {
          "version": "1.0.6",
          "bundled": true
        },
        "istanbul-lib-instrument": {
          "version": "1.7.1",
          "bundled": true
        },
        "istanbul-lib-report": {
          "version": "1.1.0",
          "bundled": true,
          "dependencies": {
            "supports-color": {
              "version": "3.2.3",
              "bundled": true
            }
          }
        },
        "istanbul-lib-source-maps": {
          "version": "1.2.0",
          "bundled": true
        },
        "istanbul-reports": {
          "version": "1.1.0",
          "bundled": true
        },
        "js-tokens": {
          "version": "3.0.1",
          "bundled": true
        },
        "jsesc": {
          "version": "1.3.0",
          "bundled": true
        },
        "kind-of": {
          "version": "3.2.0",
          "bundled": true
        },
        "lazy-cache": {
          "version": "1.0.4",
          "bundled": true
        },
        "lcid": {
          "version": "1.0.0",
          "bundled": true
        },
        "load-json-file": {
          "version": "1.1.0",
          "bundled": true
        },
        "lodash": {
          "version": "4.17.4",
          "bundled": true
        },
        "longest": {
          "version": "1.0.1",
          "bundled": true
        },
        "loose-envify": {
          "version": "1.3.1",
          "bundled": true
        },
        "lru-cache": {
          "version": "4.0.2",
          "bundled": true
        },
        "md5-hex": {
          "version": "1.3.0",
          "bundled": true
        },
        "md5-o-matic": {
          "version": "0.1.1",
          "bundled": true
        },
        "merge-source-map": {
          "version": "1.0.3",
          "bundled": true
        },
        "micromatch": {
          "version": "2.3.11",
          "bundled": true
        },
        "minimatch": {
          "version": "3.0.3",
          "bundled": true
        },
        "minimist": {
          "version": "0.0.8",
          "bundled": true
        },
        "mkdirp": {
          "version": "0.5.1",
          "bundled": true
        },
        "ms": {
          "version": "0.7.3",
          "bundled": true
        },
        "normalize-package-data": {
          "version": "2.3.8",
          "bundled": true
        },
        "normalize-path": {
          "version": "2.1.1",
          "bundled": true
        },
        "number-is-nan": {
          "version": "1.0.1",
          "bundled": true
        },
        "object-assign": {
          "version": "4.1.1",
          "bundled": true
        },
        "object.omit": {
          "version": "2.0.1",
          "bundled": true
        },
        "once": {
          "version": "1.4.0",
          "bundled": true
        },
        "optimist": {
          "version": "0.6.1",
          "bundled": true
        },
        "os-homedir": {
          "version": "1.0.2",
          "bundled": true
        },
        "os-locale": {
          "version": "1.4.0",
          "bundled": true
        },
        "parse-glob": {
          "version": "3.0.4",
          "bundled": true
        },
        "parse-json": {
          "version": "2.2.0",
          "bundled": true
        },
        "path-exists": {
          "version": "2.1.0",
          "bundled": true
        },
        "path-is-absolute": {
          "version": "1.0.1",
          "bundled": true
        },
        "path-parse": {
          "version": "1.0.5",
          "bundled": true
        },
        "path-type": {
          "version": "1.1.0",
          "bundled": true
        },
        "pify": {
          "version": "2.3.0",
          "bundled": true
        },
        "pinkie": {
          "version": "2.0.4",
          "bundled": true
        },
        "pinkie-promise": {
          "version": "2.0.1",
          "bundled": true
        },
        "pkg-dir": {
          "version": "1.0.0",
          "bundled": true
        },
        "preserve": {
          "version": "0.2.0",
          "bundled": true
        },
        "pseudomap": {
          "version": "1.0.2",
          "bundled": true
        },
        "randomatic": {
          "version": "1.1.6",
          "bundled": true
        },
        "read-pkg": {
          "version": "1.1.0",
          "bundled": true
        },
        "read-pkg-up": {
          "version": "1.0.1",
          "bundled": true
        },
        "regenerator-runtime": {
          "version": "0.10.5",
          "bundled": true
        },
        "regex-cache": {
          "version": "0.4.3",
          "bundled": true
        },
        "remove-trailing-separator": {
          "version": "1.0.1",
          "bundled": true
        },
        "repeat-element": {
          "version": "1.1.2",
          "bundled": true
        },
        "repeat-string": {
          "version": "1.6.1",
          "bundled": true
        },
        "repeating": {
          "version": "2.0.1",
          "bundled": true
        },
        "require-directory": {
          "version": "2.1.1",
          "bundled": true
        },
        "require-main-filename": {
          "version": "1.0.1",
          "bundled": true
        },
        "resolve-from": {
          "version": "2.0.0",
          "bundled": true
        },
        "right-align": {
          "version": "0.1.3",
          "bundled": true
        },
        "rimraf": {
          "version": "2.6.1",
          "bundled": true
        },
        "semver": {
          "version": "5.3.0",
          "bundled": true
        },
        "set-blocking": {
          "version": "2.0.0",
          "bundled": true
        },
        "signal-exit": {
          "version": "3.0.2",
          "bundled": true
        },
        "slide": {
          "version": "1.1.6",
          "bundled": true
        },
        "source-map": {
          "version": "0.5.6",
          "bundled": true
        },
        "spawn-wrap": {
          "version": "1.2.4",
          "bundled": true,
          "dependencies": {
            "signal-exit": {
              "version": "2.1.2",
              "bundled": true
            }
          }
        },
        "spdx-correct": {
          "version": "1.0.2",
          "bundled": true
        },
        "spdx-expression-parse": {
          "version": "1.0.4",
          "bundled": true
        },
        "spdx-license-ids": {
          "version": "1.2.2",
          "bundled": true
        },
        "string-width": {
          "version": "1.0.2",
          "bundled": true
        },
        "strip-ansi": {
          "version": "3.0.1",
          "bundled": true
        },
        "strip-bom": {
          "version": "2.0.0",
          "bundled": true
        },
        "supports-color": {
          "version": "2.0.0",
          "bundled": true
        },
        "test-exclude": {
          "version": "4.1.0",
          "bundled": true
        },
        "to-fast-properties": {
          "version": "1.0.3",
          "bundled": true
        },
        "trim-right": {
          "version": "1.0.1",
          "bundled": true
        },
        "uglify-js": {
          "version": "2.8.22",
          "bundled": true,
          "dependencies": {
            "yargs": {
              "version": "3.10.0",
              "bundled": true
            }
          }
        },
        "uglify-to-browserify": {
          "version": "1.0.2",
          "bundled": true
        },
        "validate-npm-package-license": {
          "version": "3.0.1",
          "bundled": true
        },
        "which": {
          "version": "1.2.14",
          "bundled": true
        },
        "which-module": {
          "version": "1.0.0",
          "bundled": true
        },
        "window-size": {
          "version": "0.1.0",
          "bundled": true
        },
        "wordwrap": {
          "version": "0.0.3",
          "bundled": true
        },
        "wrap-ansi": {
          "version": "2.1.0",
          "bundled": true
        },
        "wrappy": {
          "version": "1.0.2",
          "bundled": true
        },
        "write-file-atomic": {
          "version": "1.3.4",
          "bundled": true
        },
        "y18n": {
          "version": "3.2.1",
          "bundled": true
        },
        "yallist": {
          "version": "2.1.2",
          "bundled": true
        },
        "yargs": {
          "version": "7.1.0",
          "bundled": true,
          "dependencies": {
            "camelcase": {
              "version": "3.0.0",
              "bundled": true
            },
            "cliui": {
              "version": "3.2.0",
              "bundled": true
            }
          }
        },
        "yargs-parser": {
          "version": "5.0.0",
          "bundled": true,
          "dependencies": {
            "camelcase": {
              "version": "3.0.0",
              "bundled": true
            }
          }
        }
      }
    },
    "on-finished": {
      "version": "2.3.0",
      "resolved": "https://registry.npmjs.org/on-finished/-/on-finished-2.3.0.tgz",
      "integrity": "sha1-IPEzZIGwg811M3mSoWlxqi2QaUc="
    },
    "path-to-regexp": {
      "version": "0.1.7",
      "resolved": "https://registry.npmjs.org/path-to-regexp/-/path-to-regexp-0.1.7.tgz",
      "integrity": "sha1-32BBeABfUi8V60SQ5yR6G/qmf4w="
    },
    "reflect-metadata": {
      "version": "0.1.10",
      "resolved": "https://registry.npmjs.org/reflect-metadata/-/reflect-metadata-0.1.10.tgz",
      "integrity": "sha1-tPg3BEFqytiZiMmxVjXUfgO5NEo="
    },
    "safer-buffer": {
      "version": "2.1.2",
      "resolved": "https://registry.npmjs.org/safer-buffer/-/safer-buffer-2.1.2.tgz",
      "integrity": "sha512-YZo3K82SD7Riyi0E1EQPojLz7kpepnSQI9IyPbHHg1XXXevb5dJI7tpyN2ADxGcQbHG7vcyRHk0cbwqcQriUtg=="
    },
    "supertest": {
      "version": "3.0.0",
      "resolved": "https://registry.npmjs.org/supertest/-/supertest-3.0.0.tgz",
      "integrity": "sha1-jUu2j9GDDuBwM7HFpamkAhyWUpY=",
      "dev": true
    },
    "toidentifier": {
      "version": "1.0.1",
      "resolved": "https://registry.npmjs.org/toidentifier/-/toidentifier-1.0.1.tgz",
      "integrity": "sha512-o5sSPKEkg/DIQNmH43V0/uerLrpzVedkUh8tGNvaeXpfpuwjKenlSox/2O/BTlZUtEe+JG7s5YhEz608PlAHRA=="
    },
    "ts-node": {
      "version": "3.0.6",
      "resolved": "https://registry.npmjs.org/ts-node/-/ts-node-3.0.6.tgz",
      "integrity": "sha1-VRJ/95DH7r9rpowebd6UsJqqIeA=",
      "dev": true,
      "dependencies": {
        "minimist": {
          "version": "1.2.0",
          "resolved": "https://registry.npmjs.org/minimist/-/minimist-1.2.0.tgz",
          "integrity": "sha1-o1AIsg9BOD7sH7kU9M1d95omQoQ="
        }
      }
    },
    "typescript": {
      "version": "2.3.4",
      "resolved": "https://registry.npmjs.org/typescript/-/typescript-2.3.4.tgz",
      "integrity": "sha1-PTgyGCgjHkNPKHUUlZw3qCtin0I=",
      "dev": true
    },
    "unpipe": {
      "version": "1.0.0",
      "resolved": "https://registry.npmjs.org/unpipe/-/unpipe-1.0.0.tgz",
      "integrity": "sha1-sr9O6FFKrmFltIF4KdIbLvSZBOw="
    }
  }
}
