{
  "name": "demo3",
  "version": "1.0.0",
  "lockfileVersion": 1,
  "requires": true,
  "dependencies": {
    "@types/body-parser": {
      "version": "1.16.3",
      "resolved": "https://registry.npmjs.org/@types/body-parser/-/body-parser-1.16.3.tgz",
      "integrity": "sha1-vCuaGB8vqFyA8eys2KBc8UFLhaM=",
      "dev": true
    },
    "@types/chai": {
      "version": "3.5.2",
      "resolved": "https://registry.npmjs.org/@types/chai/-/chai-3.5.2.tgz",
      "integrity": "sha1-wRzSgX06QBt7oPWkIPNcVhObHB4=",
      "dev": true
    },
    "@types/express": {
      "version": "4.0.35",
      "resolved": "https://registry.npmjs.org/@types/express/-/express-4.0.35.tgz",
      "integrity": "sha1-YmfHtgpR+sRzRns8SgLNHkQYBf4=",
      "dev": true
    },
    "@types/helmet": {
      "version": "0.0.35",
      "resolved": "https://registry.npmjs.org/@types/helmet/-/helmet-0.0.35.tgz",
      "integrity": "sha1-tfA1BjGAwsH0MSKromEsntlGbcA=",
      "dev": true
    },
    "@types/mocha": {
      "version": "2.2.41",
      "resolved": "https://registry.npmjs.org/@types/mocha/-/mocha-2.2.41.tgz",
      "integrity": "sha1-4nzwgXFT658nE7LT9saPHhw8pgg=",
      "dev": true
    },
    "@types/mongoose": {
      "version": "4.7.17",
      "resolved": "https://registry.npmjs.org/@types/mongoose/-/mongoose-4.7.17.tgz",
      "integrity": "sha512-tMTBgFVdV8XM0KZGFjVHUqDUn43FIwFbDpKFaER5WAXhjrcFETRh5Pfn0y8JZ8aUszIkYVTgEr1ZHhl/dGQz/w==",
      "dev": true
    },
    "@types/supertest": {
      "version": "2.0.0",
      "resolved": "https://registry.npmjs.org/@types/supertest/-/supertest-2.0.0.tgz",
      "integrity": "sha1-Rofer/SVC2PkYRU21v1EZl7hG7c=",
      "dev": true
    },
    "body-parser": {
      "version": "1.17.2",
      "resolved": "https://registry.npmjs.org/body-parser/-/body-parser-1.17.2.tgz",
      "integrity": "sha1-+IkqvI+eYn1Crtr7yma/WrmRBO4="
    },
    "bson": {
      "version": "1.0.4",
      "resolved": "https://registry.npmjs.org/bson/-/bson-1.0.4.tgz",
      "integrity": "sha1-k8ENOeqltYQVy8QFLz5T5WKwtyw="
    },
    "chai": {
      "version": "4.0.2",
      "resolved": "https://registry.npmjs.org/chai/-/chai-4.0.2.tgz",
      "integrity": "sha1-L3MnxN5vOF3XeHmZ4qsCaXoyuDs=",
      "dev": true
    },
    "es6-promise": {
      "version": "3.2.1",
      "resolved": "https://registry.npmjs.org/es6-promise/-/es6-promise-3.2.1.tgz",
      "integrity": "sha1-7FYjOGgDKQkgcXDDlEjiREndH8Q="
    },
    "express": {
      "version": "4.15.3",
      "resolved": "https://registry.npmjs.org/express/-/express-4.15.3.tgz",
      "integrity": "sha1-urZdDwOqgMNYQIly/HAPkWlEtmI="
    },
    "helmet": {
      "version": "3.6.1",
      "resolved": "https://registry.npmjs.org/helmet/-/helmet-3.6.1.tgz",
      "integrity": "sha1-kfOqf6TJRnFZX7Vo39jChImjiL4="
    },
    "inversify": {
      "version": "4.1.1",
      "resolved": "https://registry.npmjs.org/inversify/-/inversify-4.1.1.tgz",
      "integrity": "sha1-qV7bNK4IK7EXUzbVHc1fARE0xiU="
    },
    "inversify-express-utils": {
      "version": "3.5.2",
      "resolved": "https://registry.npmjs.org/inversify-express-utils/-/inversify-express-utils-3.5.2.tgz",
      "integrity": "sha1-tdsyqwE/VxHLY048etdiwakSH/s="
    },
    "lodash": {
      "version": "4.17.4",
      "resolved": "https://registry.npmjs.org/lodash/-/lodash-4.17.4.tgz",
      "integrity": "sha1-eCA6TRwyiuHYbcpkYONptX9AVa4="
    },
    "lodash.get": {
      "version": "4.4.2",
      "resolved": "https://registry.npmjs.org/lodash.get/-/lodash.get-4.4.2.tgz",
      "integrity": "sha512-z+Uw/vLuy6gQe8cfaFWD7p0wVv8fJl3mbzXh33RS+0oW2wvUqiRXiQ69gLWSLpgB5/6sU+r6BlQR0MBILadqTQ=="
    },
    "mocha": {
      "version": "3.4.2",
      "resolved": "https://registry.npmjs.org/mocha/-/mocha-3.4.2.tgz",
      "integrity": "sha1-0O9NMyEm2/GNDWQMmzgt1IvpdZQ=",
      "dev": true,
      "dependencies": {
        "debug": {
          "version": "2.6.0",
          "resolved": "https://registry.npmjs.org/debug/-/debug-2.6.0.tgz",
          "integrity": "sha1-vFlryr52F/Edn6FTYe3tVgi4SZs="
        },
        "ms": {
          "version": "0.7.2",
          "resolved": "https://registry.npmjs.org/ms/-/ms-0.7.2.tgz",
          "integrity": "sha1-riXPJRKziFodldfwN4aNhDESR2U="
        }
      }
    },
    "mongoose": {
      "version": "4.13.21",
      "resolved": "https://registry.npmjs.org/mongoose/-/mongoose-4.13.21.tgz",
      "integrity": "sha512-0VZtQu1rSUPwUtbb7zh6CymI0nNkVInOIDbtWNlna070qnUO14On8PpSVSwlx3gwmkKL2OkP4ioCj5YHC6trMg==",
      "requires": {
        "async": "2.6.0",
        "bson": "~1.0.4",
        "hooks-fixed": "2.0.2",
        "kareem": "1.5.0",
        "lodash.get": "4.4.2",
        "mongodb": "2.2.34",
        "mpath": "0.5.1",
        "mpromise": "0.5.5",
        "mquery": "2.3.3",
        "ms": "2.0.0",
        "muri": "1.3.0",
        "regexp-clone": "0.0.1",
        "sliced": "1.0.1"
      },
      "dependencies": {
        "async": {
          "version": "2.6.0",
          "resolved": "https://registry.npmjs.org/async/-/async-2.6.0.tgz",
          "integrity": "sha512-xAfGg1/NTLBBKlHFmnd7PlmUW9KhVQIUuSrYem9xzFUZy13ScvtyGGejaae9iAVRiRq9+Cx7DPFaAAhCpyxyPw==",
          "requires": {
            "lodash": "^4.14.0"
          }
        },
        "bluebird": {
          "version": "3.5.0",
          "resolved": "https://registry.npmjs.org/bluebird/-/bluebird-3.5.0.tgz",
          "integrity": "sha512-3LE8m8bqjGdoxfvf71yhFNrUcwy3NLy00SAo+b6MfJ8l+Bc2DzQ7mUHwX6pjK2AxfgV+YfsjCeVW3T5HLQTBsQ=="
        },
        "debug": {
          "version": "2.6.9",
          "resolved": "https://registry.npmjs.org/debug/-/debug-2.6.9.tgz",
          "integrity": "sha512-bC7ElrdJaJnPbAP+1EotYvqZsb3ecl5wi6Bfi6BJTUcNowp6cvspg0jXznRTKDjm/E7AdgFBVeAPVMNcKGsHMA==",
          "requires": {
            "ms": "2.0.0"
          }
        },
        "hooks-fixed": {
          "version": "2.0.2",
          "resolved": "https://registry.npmjs.org/hooks-fixed/-/hooks-fixed-2.0.2.tgz",
          "integrity": "sha512-YurCM4gQSetcrhwEtpQHhQ4M7Zo7poNGqY4kQGeBS6eZtOcT3tnNs01ThFa0jYBByAiYt1MjMjP/YApG0EnAvQ=="
        },
        "kareem": {
          "version": "1.5.0",
          "resolved": "https://registry.npmjs.org/kareem/-/kareem-1.5.0.tgz",
          "integrity": "sha512-DFYc05y1WSs6Ar++MHYRYu7/5r5356WDaKk8tQ8m6rlXD3VLpyG6Np81U78/wWJ4b5hjFXS7HkJNYrs85VypQA=="
        },
        "mongodb": {
          "version": "2.2.34",
          "resolved": "https://registry.npmjs.org/mongodb/-/mongodb-2.2.34.tgz",
          "integrity": "sha512-JNW3PxPSMaG5Qu1yWb/BwVmAd5/d6sdX0Fy8Av3pAF3KbwDRqormEGIJMoDjiV/JtOR2zRSPk4xHgZxwI/bAnQ==",
          "requires": {
            "es6-promise": "3.2.1",
            "mongodb-core": "2.1.18",
            "readable-stream": "2.2.7"
          }
        },
        "mongodb-core": {
          "version": "2.1.18",
          "resolved": "https://registry.npmjs.org/mongodb-core/-/mongodb-core-2.1.18.tgz",
          "integrity": "sha512-i+PcaD5a5xF6gc2ujgvQDORV2iSRfoJ+IeBWUZrq37KRMJp+3G79/gPRXVkj/3CEGCPIDDYoTkaRgNpxJDrKBA==",
          "requires": {
            "bson": "~1.0.4",
            "require_optional": "~1.0.0"
          }
        },
        "mpath": {
          "version": "0.5.1",
          "resolved": "https://registry.npmjs.org/mpath/-/mpath-0.5.1.tgz",
          "integrity": "sha512-H8OVQ+QEz82sch4wbODFOz+3YQ61FYz/z3eJ5pIdbMEaUzDqA268Wd+Vt4Paw9TJfvDgVKaayC0gBzMIw2jhsg=="
        },
        "mquery": {
          "version": "2.3.3",
          "resolved": "https://registry.npmjs.org/mquery/-/mquery-2.3.3.tgz",
          "integrity": "sha512-NC8L14kn+qxJbbJ1gbcEMDxF0sC3sv+1cbRReXXwVvowcwY1y9KoVZFq0ebwARibsadu8lx8nWGvm3V0Pf0ZWQ==",
          "requires": {
            "bluebird": "3.5.0",
            "debug": "2.6.9",
            "regexp-clone": "0.0.1",
            "sliced": "0.0.5"
          },
          "dependencies": {
            "sliced": {
              "version": "0.0.5",
              "resolved": "https://registry.npmjs.org/sliced/-/sliced-0.0.5.tgz",
              "integrity": "sha512-9bYT917D6H3+q8GlQBJmLVz3bc4OeVGfZ2BB12wvLnluTGfG6/8UdOUbKJDW1EEx9SZMDbjnatkau5/XcUeyOw=="
            }
          }
        },
        "muri": {
          "version": "1.3.0",
          "resolved": "https://registry.npmjs.org/muri/-/muri-1.3.0.tgz",
          "integrity": "sha512-FiaFwKl864onHFFUV/a2szAl7X0fxVlSKNdhTf+BM8i8goEgYut8u5P9MqQqIYwvaMxjzVESsoEm/2kfkFH1rg=="
        }
      }
    },
    "mpromise": {
      "version": "0.5.5",
      "resolved": "https://registry.npmjs.org/mpromise/-/mpromise-0.5.5.tgz",
      "integrity": "sha1-9bJCWddjrMIlewoMjG2Gb9UXMuY="
    },
    "ms": {
      "version": "2.0.0",
      "resolved": "https://registry.npmjs.org/ms/-/ms-2.0.0.tgz",
      "integrity": "sha1-VgiurfwAvmwpAd9fmGF4jeDVl8g="
    },
    "nyc": {
      "version": "10.3.2",
      "resolved": "https://registry.npmjs.org/nyc/-/nyc-10.3.2.tgz",
      "integrity": "sha1-8n9NkfKp2zbCT1dP9cbv/wIz3kY=",
      "dev": true,
      "dependencies": {
        "align-text": {
          "version": "0.1.4",
          "bundled": true
        },
        "amdefine": {
          "version": "1.0.1",
          "bundled": true
        },
        "ansi-regex": {
          "version": "2.1.1",
          "bundled": true
        },
        "ansi-styles": {
          "version": "2.2.1",
          "bundled": true
        },
        "append-transform": {
          "version": "0.4.0",
          "bundled": true
        },
        "archy": {
          "version": "1.0.0",
          "bundled": true
        },
        "arr-diff": {
          "version": "2.0.0",
          "bundled": true
        },
        "arr-flatten": {
          "version": "1.0.3",
          "bundled": true
        },
        "array-unique": {
          "version": "0.2.1",
          "bundled": true
        },
        "arrify": {
          "version": "1.0.1",
          "bundled": true
        },
        "async": {
          "version": "1.5.2",
          "bundled": true
        },
        "babel-code-frame": {
          "version": "6.22.0",
          "bundled": true
        },
        "babel-generator": {
          "version": "6.24.1",
          "bundled": true
        },
        "babel-messages": {
          "version": "6.23.0",
          "bundled": true
        },
        "babel-runtime": {
          "version": "6.23.0",
          "bundled": true
        },
        "babel-template": {
          "version": "6.24.1",
          "bundled": true
        },
        "babel-traverse": {
          "version": "6.24.1",
          "bundled": true
        },
        "babel-types": {
          "version": "6.24.1",
          "bundled": true
        },
        "babylon": {
          "version": "6.17.0",
          "bundled": true
        },
        "balanced-match": {
          "version": "0.4.2",
          "bundled": true
        },
        "brace-expansion": {
          "version": "1.1.7",
          "bundled": true
        },
        "braces": {
          "version": "1.8.5",
          "bundled": true
        },
        "builtin-modules": {
          "version": "1.1.1",
          "bundled": true
        },
        "caching-transform": {
          "version": "1.0.1",
          "bundled": true
        },
        "camelcase": {
          "version": "1.2.1",
          "bundled": true
        },
        "center-align": {
          "version": "0.1.3",
          "bundled": true
        },
        "chalk": {
          "version": "1.1.3",
          "bundled": true
        },
        "cliui": {
          "version": "2.1.0",
          "bundled": true,
          "dependencies": {
            "wordwrap": {
              "version": "0.0.2",
              "bundled": true
            }
          }
        },
        "code-point-at": {
          "version": "1.1.0",
          "bundled": true
        },
        "commondir": {
          "version": "1.0.1",
          "bundled": true
        },
        "concat-map": {
          "version": "0.0.1",
          "bundled": true
        },
        "convert-source-map": {
          "version": "1.5.0",
          "bundled": true
        },
        "core-js": {
          "version": "2.4.1",
          "bundled": true
        },
        "cross-spawn": {
          "version": "4.0.2",
          "bundled": true
        },
        "debug": {
          "version": "2.6.6",
          "bundled": true
        },
        "debug-log": {
          "version": "1.0.1",
          "bundled": true
        },
        "decamelize": {
          "version": "1.2.0",
          "bundled": true
        },
        "default-require-extensions": {
          "version": "1.0.0",
          "bundled": true
        },
        "detect-indent": {
          "version": "4.0.0",
          "bundled": true
        },
        "error-ex": {
          "version": "1.3.1",
          "bundled": true
        },
        "escape-string-regexp": {
          "version": "1.0.5",
          "bundled": true
        },
        "esutils": {
          "version": "2.0.2",
          "bundled": true
        },
        "expand-brackets": {
          "version": "0.1.5",
          "bundled": true
        },
        "expand-range": {
          "version": "1.8.2",
          "bundled": true
        },
        "extglob": {
          "version": "0.3.2",
          "bundled": true
        },
        "filename-regex": {
          "version": "2.0.1",
          "bundled": true
        },
        "fill-range": {
          "version": "2.2.3",
          "bundled": true
        },
        "find-cache-dir": {
          "version": "0.1.1",
          "bundled": true
        },
        "find-up": {
          "version": "1.1.2",
          "bundled": true
        },
        "for-in": {
          "version": "1.0.2",
          "bundled": true
        },
        "for-own": {
          "version": "0.1.5",
          "bundled": true
        },
        "foreground-child": {
          "version": "1.5.6",
          "bundled": true
        },
        "fs.realpath": {
          "version": "1.0.0",
          "bundled": true
        },
        "get-caller-file": {
          "version": "1.0.2",
          "bundled": true
        },
        "glob": {
          "version": "7.1.1",
          "bundled": true
        },
        "glob-base": {
          "version": "0.3.0",
          "bundled": true
        },
        "glob-parent": {
          "version": "2.0.0",
          "bundled": true
        },
        "globals": {
          "version": "9.17.0",
          "bundled": true
        },
        "graceful-fs": {
          "version": "4.1.11",
          "bundled": true
        },
        "handlebars": {
          "version": "4.0.8",
          "bundled": true,
          "dependencies": {
            "source-map": {
              "version": "0.4.4",
              "bundled": true
            }
          }
        },
        "has-ansi": {
          "version": "2.0.0",
          "bundled": true
        },
        "has-flag": {
          "version": "1.0.0",
          "bundled": true
        },
        "hosted-git-info": {
          "version": "2.4.2",
          "bundled": true
        },
        "imurmurhash": {
          "version": "0.1.4",
          "bundled": true
        },
        "inflight": {
          "version": "1.0.6",
          "bundled": true
        },
        "inherits": {
          "version": "2.0.3",
          "bundled": true
        },
        "invariant": {
          "version": "2.2.2",
          "bundled": true
        },
        "invert-kv": {
          "version": "1.0.0",
          "bundled": true
        },
        "is-arrayish": {
          "version": "0.2.1",
          "bundled": true
        },
        "is-buffer": {
          "version": "1.1.5",
          "bundled": true
        },
        "is-builtin-module": {
          "version": "1.0.0",
          "bundled": true
        },
        "is-dotfile": {
          "version": "1.0.2",
          "bundled": true
        },
        "is-equal-shallow": {
          "version": "0.1.3",
          "bundled": true
        },
        "is-extendable": {
          "version": "0.1.1",
          "bundled": true
        },
        "is-extglob": {
          "version": "1.0.0",
          "bundled": true
        },
        "is-finite": {
          "version": "1.0.2",
          "bundled": true
        },
        "is-fullwidth-code-point": {
          "version": "1.0.0",
          "bundled": true
        },
        "is-glob": {
          "version": "2.0.1",
          "bundled": true
        },
        "is-number": {
          "version": "2.1.0",
          "bundled": true
        },
        "is-posix-bracket": {
          "version": "0.1.1",
          "bundled": true
        },
        "is-primitive": {
          "version": "2.0.0",
          "bundled": true
        },
        "is-utf8": {
          "version": "0.2.1",
          "bundled": true
        },
        "isarray": {
          "version": "1.0.0",
          "bundled": true
        },
        "isexe": {
          "version": "2.0.0",
          "bundled": true
        },
        "isobject": {
          "version": "2.1.0",
          "bundled": true
        },
        "istanbul-lib-coverage": {
          "version": "1.1.0",
          "bundled": true
        },
        "istanbul-lib-hook": {
          "version": "1.0.6",
          "bundled": true
        },
        "istanbul-lib-instrument": {
          "version": "1.7.1",
          "bundled": true
        },
        "istanbul-lib-report": {
          "version": "1.1.0",
          "bundled": true,
          "dependencies": {
            "supports-color": {
              "version": "3.2.3",
              "bundled": true
            }
          }
        },
        "istanbul-lib-source-maps": {
          "version": "1.2.0",
          "bundled": true
        },
        "istanbul-reports": {
          "version": "1.1.0",
          "bundled": true
        },
        "js-tokens": {
          "version": "3.0.1",
          "bundled": true
        },
        "jsesc": {
          "version": "1.3.0",
          "bundled": true
        },
        "kind-of": {
          "version": "3.2.0",
          "bundled": true
        },
        "lazy-cache": {
          "version": "1.0.4",
          "bundled": true
        },
        "lcid": {
          "version": "1.0.0",
          "bundled": true
        },
        "load-json-file": {
          "version": "1.1.0",
          "bundled": true
        },
        "lodash": {
          "version": "4.17.4",
          "bundled": true
        },
        "longest": {
          "version": "1.0.1",
          "bundled": true
        },
        "loose-envify": {
          "version": "1.3.1",
          "bundled": true
        },
        "lru-cache": {
          "version": "4.0.2",
          "bundled": true
        },
        "md5-hex": {
          "version": "1.3.0",
          "bundled": true
        },
        "md5-o-matic": {
          "version": "0.1.1",
          "bundled": true
        },
        "merge-source-map": {
          "version": "1.0.3",
          "bundled": true
        },
        "micromatch": {
          "version": "2.3.11",
          "bundled": true
        },
        "minimatch": {
          "version": "3.0.3",
          "bundled": true
        },
        "minimist": {
          "version": "0.0.8",
          "bundled": true
        },
        "mkdirp": {
          "version": "0.5.1",
          "bundled": true
        },
        "ms": {
          "version": "0.7.3",
          "bundled": true
        },
        "normalize-package-data": {
          "version": "2.3.8",
          "bundled": true
        },
        "normalize-path": {
          "version": "2.1.1",
          "bundled": true
        },
        "number-is-nan": {
          "version": "1.0.1",
          "bundled": true
        },
        "object-assign": {
          "version": "4.1.1",
          "bundled": true
        },
        "object.omit": {
          "version": "2.0.1",
          "bundled": true
        },
        "once": {
          "version": "1.4.0",
          "bundled": true
        },
        "optimist": {
          "version": "0.6.1",
          "bundled": true
        },
        "os-homedir": {
          "version": "1.0.2",
          "bundled": true
        },
        "os-locale": {
          "version": "1.4.0",
          "bundled": true
        },
        "parse-glob": {
          "version": "3.0.4",
          "bundled": true
        },
        "parse-json": {
          "version": "2.2.0",
          "bundled": true
        },
        "path-exists": {
          "version": "2.1.0",
          "bundled": true
        },
        "path-is-absolute": {
          "version": "1.0.1",
          "bundled": true
        },
        "path-parse": {
          "version": "1.0.5",
          "bundled": true
        },
        "path-type": {
          "version": "1.1.0",
          "bundled": true
        },
        "pify": {
          "version": "2.3.0",
          "bundled": true
        },
        "pinkie": {
          "version": "2.0.4",
          "bundled": true
        },
        "pinkie-promise": {
          "version": "2.0.1",
          "bundled": true
        },
        "pkg-dir": {
          "version": "1.0.0",
          "bundled": true
        },
        "preserve": {
          "version": "0.2.0",
          "bundled": true
        },
        "pseudomap": {
          "version": "1.0.2",
          "bundled": true
        },
        "randomatic": {
          "version": "1.1.6",
          "bundled": true
        },
        "read-pkg": {
          "version": "1.1.0",
          "bundled": true
        },
        "read-pkg-up": {
          "version": "1.0.1",
          "bundled": true
        },
        "regenerator-runtime": {
          "version": "0.10.5",
          "bundled": true
        },
        "regex-cache": {
          "version": "0.4.3",
          "bundled": true
        },
        "remove-trailing-separator": {
          "version": "1.0.1",
          "bundled": true
        },
        "repeat-element": {
          "version": "1.1.2",
          "bundled": true
        },
        "repeat-string": {
          "version": "1.6.1",
          "bundled": true
        },
        "repeating": {
          "version": "2.0.1",
          "bundled": true
        },
        "require-directory": {
          "version": "2.1.1",
          "bundled": true
        },
        "require-main-filename": {
          "version": "1.0.1",
          "bundled": true
        },
        "resolve-from": {
          "version": "2.0.0",
          "bundled": true
        },
        "right-align": {
          "version": "0.1.3",
          "bundled": true
        },
        "rimraf": {
          "version": "2.6.1",
          "bundled": true
        },
        "semver": {
          "version": "5.3.0",
          "bundled": true
        },
        "set-blocking": {
          "version": "2.0.0",
          "bundled": true
        },
        "signal-exit": {
          "version": "3.0.2",
          "bundled": true
        },
        "slide": {
          "version": "1.1.6",
          "bundled": true
        },
        "source-map": {
          "version": "0.5.6",
          "bundled": true
        },
        "spawn-wrap": {
          "version": "1.2.4",
          "bundled": true,
          "dependencies": {
            "signal-exit": {
              "version": "2.1.2",
              "bundled": true
            }
          }
        },
        "spdx-correct": {
          "version": "1.0.2",
          "bundled": true
        },
        "spdx-expression-parse": {
          "version": "1.0.4",
          "bundled": true
        },
        "spdx-license-ids": {
          "version": "1.2.2",
          "bundled": true
        },
        "string-width": {
          "version": "1.0.2",
          "bundled": true
        },
        "strip-ansi": {
          "version": "3.0.1",
          "bundled": true
        },
        "strip-bom": {
          "version": "2.0.0",
          "bundled": true
        },
        "supports-color": {
          "version": "2.0.0",
          "bundled": true
        },
        "test-exclude": {
          "version": "4.1.0",
          "bundled": true
        },
        "to-fast-properties": {
          "version": "1.0.3",
          "bundled": true
        },
        "trim-right": {
          "version": "1.0.1",
          "bundled": true
        },
        "uglify-js": {
          "version": "2.8.22",
          "bundled": true,
          "dependencies": {
            "yargs": {
              "version": "3.10.0",
              "bundled": true
            }
          }
        },
        "uglify-to-browserify": {
          "version": "1.0.2",
          "bundled": true
        },
        "validate-npm-package-license": {
          "version": "3.0.1",
          "bundled": true
        },
        "which": {
          "version": "1.2.14",
          "bundled": true
        },
        "which-module": {
          "version": "1.0.0",
          "bundled": true
        },
        "window-size": {
          "version": "0.1.0",
          "bundled": true
        },
        "wordwrap": {
          "version": "0.0.3",
          "bundled": true
        },
        "wrap-ansi": {
          "version": "2.1.0",
          "bundled": true
        },
        "wrappy": {
          "version": "1.0.2",
          "bundled": true
        },
        "write-file-atomic": {
          "version": "1.3.4",
          "bundled": true
        },
        "y18n": {
          "version": "3.2.1",
          "bundled": true
        },
        "yallist": {
          "version": "2.1.2",
          "bundled": true
        },
        "yargs": {
          "version": "7.1.0",
          "bundled": true,
          "dependencies": {
            "camelcase": {
              "version": "3.0.0",
              "bundled": true
            },
            "cliui": {
              "version": "3.2.0",
              "bundled": true
            }
          }
        },
        "yargs-parser": {
          "version": "5.0.0",
          "bundled": true,
          "dependencies": {
            "camelcase": {
              "version": "3.0.0",
              "bundled": true
            }
          }
        }
      }
    },
    "readable-stream": {
      "version": "2.2.7",
      "resolved": "https://registry.npmjs.org/readable-stream/-/readable-stream-2.2.7.tgz",
      "integrity": "sha1-BwV6y+JGeyIELTb5jFrVBwVOlbE="
    },
    "reflect-metadata": {
      "version": "0.1.10",
      "resolved": "https://registry.npmjs.org/reflect-metadata/-/reflect-metadata-0.1.10.tgz",
      "integrity": "sha1-tPg3BEFqytiZiMmxVjXUfgO5NEo="
    },
    "regexp-clone": {
      "version": "0.0.1",
      "resolved": "https://registry.npmjs.org/regexp-clone/-/regexp-clone-0.0.1.tgz",
      "integrity": "sha1-p8LgmJH9vzj7sQ03b7cwA+aKxYk="
    },
    "require_optional": {
      "version": "1.0.0",
      "resolved": "https://registry.npmjs.org/require_optional/-/require_optional-1.0.0.tgz",
      "integrity": "sha1-UqhhN6hJco62ClVTNhf4+RT1mr8="
    },
    "sliced": {
      "version": "1.0.1",
      "resolved": "https://registry.npmjs.org/sliced/-/sliced-1.0.1.tgz",
      "integrity": "sha1-CzpmK10Ewxd7GSa+qCsD+Dei70E="
    },
    "supertest": {
      "version": "3.0.0",
      "resolved": "https://registry.npmjs.org/supertest/-/supertest-3.0.0.tgz",
      "integrity": "sha1-jUu2j9GDDuBwM7HFpamkAhyWUpY=",
      "dev": true
    },
    "ts-node": {
      "version": "3.0.6",
      "resolved": "https://registry.npmjs.org/ts-node/-/ts-node-3.0.6.tgz",
      "integrity": "sha1-VRJ/95DH7r9rpowebd6UsJqqIeA=",
      "dev": true,
      "dependencies": {
        "minimist": {
          "version": "1.2.0",
          "resolved": "https://registry.npmjs.org/minimist/-/minimist-1.2.0.tgz",
          "integrity": "sha1-o1AIsg9BOD7sH7kU9M1d95omQoQ="
        }
      }
    },
    "typescript": {
      "version": "2.3.4",
      "resolved": "https://registry.npmjs.org/typescript/-/typescript-2.3.4.tgz",
      "integrity": "sha1-PTgyGCgjHkNPKHUUlZw3qCtin0I=",
      "dev": true
    }
  }
}
